// !$*UTF8*$!
{
	archiveVersion = 1;
	classes = {
	};
	objectVersion = 46;
	objects = {

/* Begin PBXBuildFile section */
		9FC43FE61F3807F50005049E /* main.m in Sources */ = {isa = PBXBuildFile; fileRef = 9FC43FE51F3807F50005049E /* main.m */; };
		9FC43FE91F3807F50005049E /* AppDelegate.m in Sources */ = {isa = PBXBuildFile; fileRef = 9FC43FE81F3807F50005049E /* AppDelegate.m */; };
		9FC43FEC1F3807F50005049E /* ViewController.m in Sources */ = {isa = PBXBuildFile; fileRef = 9FC43FEB1F3807F50005049E /* ViewController.m */; };
		9FC43FEF1F3807F50005049E /* Main.storyboard in Resources */ = {isa = PBXBuildFile; fileRef = 9FC43FED1F3807F50005049E /* Main.storyboard */; };
		9FC43FF11F3807F50005049E /* Assets.xcassets in Resources */ = {isa = PBXBuildFile; fileRef = 9FC43FF01F3807F50005049E /* Assets.xcassets */; };
		9FC43FF41F3807F50005049E /* LaunchScreen.storyboard in Resources */ = {isa = PBXBuildFile; fileRef = 9FC43FF21F3807F50005049E /* LaunchScreen.storyboard */; };
		9FC43FFF1F3807F50005049E /* CAEmitterLayerRainTests.m in Sources */ = {isa = PBXBuildFile; fileRef = 9FC43FFE1F3807F50005049E /* CAEmitterLayerRainTests.m */; };
		9FC4400A1F3807F50005049E /* CAEmitterLayerRainUITests.m in Sources */ = {isa = PBXBuildFile; fileRef = 9FC440091F3807F50005049E /* CAEmitterLayerRainUITests.m */; };
		9FC4401C1F380EBD0005049E /* Oval@2x.png in Resources */ = {isa = PBXBuildFile; fileRef = 9FC440191F380EBD0005049E /* Oval@2x.png */; };
		9FC4401D1F380EBD0005049E /* Oval@3x.png in Resources */ = {isa = PBXBuildFile; fileRef = 9FC4401A1F380EBD0005049E /* Oval@3x.png */; };
		9FC4401E1F380EBD0005049E /* Ovalwater.png in Resources */ = {isa = PBXBuildFile; fileRef = 9FC4401B1F380EBD0005049E /* Ovalwater.png */; };
		9FC440211F380FC70005049E /* CoreMotion.framework in Frameworks */ = {isa = PBXBuildFile; fileRef = 9FC440201F380FC70005049E /* CoreMotion.framework */; };
/* End PBXBuildFile section */

/* Begin PBXContainerItemProxy section */
		9FC43FFB1F3807F50005049E /* PBXContainerItemProxy */ = {
			isa = PBXContainerItemProxy;
			containerPortal = 9FC43FD91F3807F40005049E /* Project object */;
			proxyType = 1;
			remoteGlobalIDString = 9FC43FE01F3807F50005049E;
			remoteInfo = CAEmitterLayerRain;
		};
		9FC440061F3807F50005049E /* PBXContainerItemProxy */ = {
			isa = PBXContainerItemProxy;
			containerPortal = 9FC43FD91F3807F40005049E /* Project object */;
			proxyType = 1;
			remoteGlobalIDString = 9FC43FE01F3807F50005049E;
			remoteInfo = CAEmitterLayerRain;
		};
/* End PBXContainerItemProxy section */

/* Begin PBXFileReference section */
		9FC43FE11F3807F50005049E /* CAEmitterLayerRain.app */ = {isa = PBXFileReference; explicitFileType = wrapper.application; includeInIndex = 0; path = CAEmitterLayerRain.app; sourceTree = BUILT_PRODUCTS_DIR; };
		9FC43FE51F3807F50005049E /* main.m */ = {isa = PBXFileReference; lastKnownFileType = sourcecode.c.objc; path = main.m; sourceTree = "<group>"; };
		9FC43FE71F3807F50005049E /* AppDelegate.h */ = {isa = PBXFileReference; lastKnownFileType = sourcecode.c.h; path = AppDelegate.h; sourceTree = "<group>"; };
		9FC43FE81F3807F50005049E /* AppDelegate.m */ = {isa = PBXFileReference; lastKnownFileType = sourcecode.c.objc; path = AppDelegate.m; sourceTree = "<group>"; };
		9FC43FEA1F3807F50005049E /* ViewController.h */ = {isa = PBXFileReference; lastKnownFileType = sourcecode.c.h; path = ViewController.h; sourceTree = "<group>"; };
		9FC43FEB1F3807F50005049E /* ViewController.m */ = {isa = PBXFileReference; lastKnownFileType = sourcecode.c.objc; path = ViewController.m; sourceTree = "<group>"; };
		9FC43FEE1F3807F50005049E /* Base */ = {isa = PBXFileReference; lastKnownFileType = file.storyboard; name = Base; path = Base.lproj/Main.storyboard; sourceTree = "<group>"; };
		9FC43FF01F3807F50005049E /* Assets.xcassets */ = {isa = PBXFileReference; lastKnownFileType = folder.assetcatalog; path = Assets.xcassets; sourceTree = "<group>"; };
		9FC43FF31F3807F50005049E /* Base */ = {isa = PBXFileReference; lastKnownFileType = file.storyboard; name = Base; path = Base.lproj/LaunchScreen.storyboard; sourceTree = "<group>"; };
		9FC43FF51F3807F50005049E /* Info.plist */ = {isa = PBXFileReference; lastKnownFileType = text.plist.xml; path = Info.plist; sourceTree = "<group>"; };
		9FC43FFA1F3807F50005049E /* CAEmitterLayerRainTests.xctest */ = {isa = PBXFileReference; explicitFileType = wrapper.cfbundle; includeInIndex = 0; path = CAEmitterLayerRainTests.xctest; sourceTree = BUILT_PRODUCTS_DIR; };
		9FC43FFE1F3807F50005049E /* CAEmitterLayerRainTests.m */ = {isa = PBXFileReference; lastKnownFileType = sourcecode.c.objc; path = CAEmitterLayerRainTests.m; sourceTree = "<group>"; };
		9FC440001F3807F50005049E /* Info.plist */ = {isa = PBXFileReference; lastKnownFileType = text.plist.xml; path = Info.plist; sourceTree = "<group>"; };
		9FC440051F3807F50005049E /* CAEmitterLayerRainUITests.xctest */ = {isa = PBXFileReference; explicitFileType = wrapper.cfbundle; includeInIndex = 0; path = CAEmitterLayerRainUITests.xctest; sourceTree = BUILT_PRODUCTS_DIR; };
		9FC440091F3807F50005049E /* CAEmitterLayerRainUITests.m */ = {isa = PBXFileReference; lastKnownFileType = sourcecode.c.objc; path = CAEmitterLayerRainUITests.m; sourceTree = "<group>"; };
		9FC4400B1F3807F50005049E /* Info.plist */ = {isa = PBXFileReference; lastKnownFileType = text.plist.xml; path = Info.plist; sourceTree = "<group>"; };
		9FC440191F380EBD0005049E /* Oval@2x.png */ = {isa = PBXFileReference; lastKnownFileType = image.png; path = "Oval@2x.png"; sourceTree = "<group>"; };
		9FC4401A1F380EBD0005049E /* Oval@3x.png */ = {isa = PBXFileReference; lastKnownFileType = image.png; path = "Oval@3x.png"; sourceTree = "<group>"; };
		9FC4401B1F380EBD0005049E /* Ovalwater.png */ = {isa = PBXFileReference; lastKnownFileType = image.png; path = Ovalwater.png; sourceTree = "<group>"; };
		9FC440201F380FC70005049E /* CoreMotion.framework */ = {isa = PBXFileReference; lastKnownFileType = wrapper.framework; name = CoreMotion.framework; path = System/Library/Frameworks/CoreMotion.framework; sourceTree = SDKROOT; };
/* End PBXFileReference section */

/* Begin PBXFrameworksBuildPhase section */
		9FC43FDE1F3807F50005049E /* Frameworks */ = {
			isa = PBXFrameworksBuildPhase;
			buildActionMask = 2147483647;
			files = (
				9FC440211F380FC70005049E /* CoreMotion.framework in Frameworks */,
			);
			runOnlyForDeploymentPostprocessing = 0;
		};
		9FC43FF71F3807F50005049E /* Frameworks */ = {
			isa = PBXFrameworksBuildPhase;
			buildActionMask = 2147483647;
			files = (
			);
			runOnlyForDeploymentPostprocessing = 0;
		};
		9FC440021F3807F50005049E /* Frameworks */ = {
			isa = PBXFrameworksBuildPhase;
			buildActionMask = 2147483647;
			files = (
			);
			runOnlyForDeploymentPostprocessing = 0;
		};
/* End PBXFrameworksBuildPhase section */

/* Begin PBXGroup section */
		9FC43FD81F3807F40005049E = {
			isa = PBXGroup;
			children = (
				9FC43FE31F3807F50005049E /* CAEmitterLayerRain */,
				9FC43FFD1F3807F50005049E /* CAEmitterLayerRainTests */,
				9FC440081F3807F50005049E /* CAEmitterLayerRainUITests */,
				9FC43FE21F3807F50005049E /* Products */,
				9FC4401F1F380FC70005049E /* Frameworks */,
			);
			sourceTree = "<group>";
		};
		9FC43FE21F3807F50005049E /* Products */ = {
			isa = PBXGroup;
			children = (
				9FC43FE11F3807F50005049E /* CAEmitterLayerRain.app */,
				9FC43FFA1F3807F50005049E /* CAEmitterLayerRainTests.xctest */,
				9FC440051F3807F50005049E /* CAEmitterLayerRainUITests.xctest */,
			);
			name = Products;
			sourceTree = "<group>";
		};
		9FC43FE31F3807F50005049E /* CAEmitterLayerRain */ = {
			isa = PBXGroup;
			children = (
				9FC440191F380EBD0005049E /* Oval@2x.png */,
				9FC4401A1F380EBD0005049E /* Oval@3x.png */,
				9FC4401B1F380EBD0005049E /* Ovalwater.png */,
				9FC43FE71F3807F50005049E /* AppDelegate.h */,
				9FC43FE81F3807F50005049E /* AppDelegate.m */,
				9FC43FEA1F3807F50005049E /* ViewController.h */,
				9FC43FEB1F3807F50005049E /* ViewController.m */,
				9FC43FED1F3807F50005049E /* Main.storyboard */,
				9FC43FF01F3807F50005049E /* Assets.xcassets */,
				9FC43FF21F3807F50005049E /* LaunchScreen.storyboard */,
				9FC43FF51F3807F50005049E /* Info.plist */,
				9FC43FE41F3807F50005049E /* Supporting Files */,
			);
			path = CAEmitterLayerRain;
			sourceTree = "<group>";
		};
		9FC43FE41F3807F50005049E /* Supporting Files */ = {
			isa = PBXGroup;
			children = (
				9FC43FE51F3807F50005049E /* main.m */,
			);
			name = "Supporting Files";
			sourceTree = "<group>";
		};
		9FC43FFD1F3807F50005049E /* CAEmitterLayerRainTests */ = {
			isa = PBXGroup;
			children = (
				9FC43FFE1F3807F50005049E /* CAEmitterLayerRainTests.m */,
				9FC440001F3807F50005049E /* Info.plist */,
			);
			path = CAEmitterLayerRainTests;
			sourceTree = "<group>";
		};
		9FC440081F3807F50005049E /* CAEmitterLayerRainUITests */ = {
			isa = PBXGroup;
			children = (
				9FC440091F3807F50005049E /* CAEmitterLayerRainUITests.m */,
				9FC4400B1F3807F50005049E /* Info.plist */,
			);
			path = CAEmitterLayerRainUITests;
			sourceTree = "<group>";
		};
		9FC4401F1F380FC70005049E /* Frameworks */ = {
			isa = PBXGroup;
			children = (
				9FC440201F380FC70005049E /* CoreMotion.framework */,
			);
			name = Frameworks;
			sourceTree = "<group>";
		};
/* End PBXGroup section */

/* Begin PBXNativeTarget section */
		9FC43FE01F3807F50005049E /* CAEmitterLayerRain */ = {
			isa = PBXNativeTarget;
			buildConfigurationList = 9FC4400E1F3807F50005049E /* Build configuration list for PBXNativeTarget "CAEmitterLayerRain" */;
			buildPhases = (
				9FC43FDD1F3807F50005049E /* Sources */,
				9FC43FDE1F3807F50005049E /* Frameworks */,
				9FC43FDF1F3807F50005049E /* Resources */,
			);
			buildRules = (
			);
			dependencies = (
			);
			name = CAEmitterLayerRain;
			productName = CAEmitterLayerRain;
			productReference = 9FC43FE11F3807F50005049E /* CAEmitterLayerRain.app */;
			productType = "com.apple.product-type.application";
		};
		9FC43FF91F3807F50005049E /* CAEmitterLayerRainTests */ = {
			isa = PBXNativeTarget;
			buildConfigurationList = 9FC440111F3807F50005049E /* Build configuration list for PBXNativeTarget "CAEmitterLayerRainTests" */;
			buildPhases = (
				9FC43FF61F3807F50005049E /* Sources */,
				9FC43FF71F3807F50005049E /* Frameworks */,
				9FC43FF81F3807F50005049E /* Resources */,
			);
			buildRules = (
			);
			dependencies = (
				9FC43FFC1F3807F50005049E /* PBXTargetDependency */,
			);
			name = CAEmitterLayerRainTests;
			productName = CAEmitterLayerRainTests;
			productReference = 9FC43FFA1F3807F50005049E /* CAEmitterLayerRainTests.xctest */;
			productType = "com.apple.product-type.bundle.unit-test";
		};
		9FC440041F3807F50005049E /* CAEmitterLayerRainUITests */ = {
			isa = PBXNativeTarget;
			buildConfigurationList = 9FC440141F3807F50005049E /* Build configuration list for PBXNativeTarget "CAEmitterLayerRainUITests" */;
			buildPhases = (
				9FC440011F3807F50005049E /* Sources */,
				9FC440021F3807F50005049E /* Frameworks */,
				9FC440031F3807F50005049E /* Resources */,
			);
			buildRules = (
			);
			dependencies = (
				9FC440071F3807F50005049E /* PBXTargetDependency */,
			);
			name = CAEmitterLayerRainUITests;
			productName = CAEmitterLayerRainUITests;
			productReference = 9FC440051F3807F50005049E /* CAEmitterLayerRainUITests.xctest */;
			productType = "com.apple.product-type.bundle.ui-testing";
		};
/* End PBXNativeTarget section */

/* Begin PBXProject section */
		9FC43FD91F3807F40005049E /* Project object */ = {
			isa = PBXProject;
			attributes = {
				LastUpgradeCheck = 0830;
				ORGANIZATIONNAME = "张忠瑞";
				TargetAttributes = {
					9FC43FE01F3807F50005049E = {
						CreatedOnToolsVersion = 8.3.3;
						DevelopmentTeam = JDVB837QR7;
						ProvisioningStyle = Automatic;
					};
					9FC43FF91F3807F50005049E = {
						CreatedOnToolsVersion = 8.3.3;
						DevelopmentTeam = JDVB837QR7;
						ProvisioningStyle = Automatic;
						TestTargetID = 9FC43FE01F3807F50005049E;
					};
					9FC440041F3807F50005049E = {
						CreatedOnToolsVersion = 8.3.3;
						DevelopmentTeam = JDVB837QR7;
						ProvisioningStyle = Automatic;
						TestTargetID = 9FC43FE01F3807F50005049E;
					};
				};
			};
			buildConfigurationList = 9FC43FDC1F3807F50005049E /* Build configuration list for PBXProject "CAEmitterLayerRain" */;
			compatibilityVersion = "Xcode 3.2";
			developmentRegion = English;
			hasScannedForEncodings = 0;
			knownRegions = (
				en,
				Base,
			);
			mainGroup = 9FC43FD81F3807F40005049E;
			productRefGroup = 9FC43FE21F3807F50005049E /* Products */;
			projectDirPath = "";
			projectRoot = "";
			targets = (
				9FC43FE01F3807F50005049E /* CAEmitterLayerRain */,
				9FC43FF91F3807F50005049E /* CAEmitterLayerRainTests */,
				9FC440041F3807F50005049E /* CAEmitterLayerRainUITests */,
			);
		};
/* End PBXProject section */

/* Begin PBXResourcesBuildPhase section */
		9FC43FDF1F3807F50005049E /* Resources */ = {
			isa = PBXResourcesBuildPhase;
			buildActionMask = 2147483647;
			files = (
				9FC43FF41F3807F50005049E /* LaunchScreen.storyboard in Resources */,
				9FC43FF11F3807F50005049E /* Assets.xcassets in Resources */,
				9FC4401C1F380EBD0005049E /* Oval@2x.png in Resources */,
				9FC4401E1F380EBD0005049E /* Ovalwater.png in Resources */,
				9FC4401D1F380EBD0005049E /* Oval@3x.png in Resources */,
				9FC43FEF1F3807F50005049E /* Main.storyboard in Resources */,
			);
			runOnlyForDeploymentPostprocessing = 0;
		};
		9FC43FF81F3807F50005049E /* Resources */ = {
			isa = PBXResourcesBuildPhase;
			buildActionMask = 2147483647;
			files = (
			);
			runOnlyForDeploymentPostprocessing = 0;
		};
		9FC440031F3807F50005049E /* Resources */ = {
			isa = PBXResourcesBuildPhase;
			buildActionMask = 2147483647;
			files = (
			);
			runOnlyForDeploymentPostprocessing = 0;
		};
/* End PBXResourcesBuildPhase section */

/* Begin PBXSourcesBuildPhase section */
		9FC43FDD1F3807F50005049E /* Sources */ = {
			isa = PBXSourcesBuildPhase;
			buildActionMask = 2147483647;
			files = (
				9FC43FEC1F3807F50005049E /* ViewController.m in Sources */,
				9FC43FE91F3807F50005049E /* AppDelegate.m in Sources */,
				9FC43FE61F3807F50005049E /* main.m in Sources */,
			);
			runOnlyForDeploymentPostprocessing = 0;
		};
		9FC43FF61F3807F50005049E /* Sources */ = {
			isa = PBXSourcesBuildPhase;
			buildActionMask = 2147483647;
			files = (
				9FC43FFF1F3807F50005049E /* CAEmitterLayerRainTests.m in Sources */,
			);
			runOnlyForDeploymentPostprocessing = 0;
		};
		9FC440011F3807F50005049E /* Sources */ = {
			isa = PBXSourcesBuildPhase;
			buildActionMask = 2147483647;
			files = (
				9FC4400A1F3807F50005049E /* CAEmitterLayerRainUITests.m in Sources */,
			);
			runOnlyForDeploymentPostprocessing = 0;
		};
/* End PBXSourcesBuildPhase section */

/* Begin PBXTargetDependency section */
		9FC43FFC1F3807F50005049E /* PBXTargetDependency */ = {
			isa = PBXTargetDependency;
			target = 9FC43FE01F3807F50005049E /* CAEmitterLayerRain */;
			targetProxy = 9FC43FFB1F3807F50005049E /* PBXContainerItemProxy */;
		};
		9FC440071F3807F50005049E /* PBXTargetDependency */ = {
			isa = PBXTargetDependency;
			target = 9FC43FE01F3807F50005049E /* CAEmitterLayerRain */;
			targetProxy = 9FC440061F3807F50005049E /* PBXContainerItemProxy */;
		};
/* End PBXTargetDependency section */

/* Begin PBXVariantGroup section */
		9FC43FED1F3807F50005049E /* Main.storyboard */ = {
			isa = PBXVariantGroup;
			children = (
				9FC43FEE1F3807F50005049E /* Base */,
			);
			name = Main.storyboard;
			sourceTree = "<group>";
		};
		9FC43FF21F3807F50005049E /* LaunchScreen.storyboard */ = {
			isa = PBXVariantGroup;
			children = (
				9FC43FF31F3807F50005049E /* Base */,
			);
			name = LaunchScreen.storyboard;
			sourceTree = "<group>";
		};
/* End PBXVariantGroup section */

/* Begin XCBuildConfiguration section */
		9FC4400C1F3807F50005049E /* Debug */ = {
			isa = XCBuildConfiguration;
			buildSettings = {
				ALWAYS_SEARCH_USER_PATHS = NO;
				CLANG_ANALYZER_NONNULL = YES;
				CLANG_ANALYZER_NUMBER_OBJECT_CONVERSION = YES_AGGRESSIVE;
				CLANG_CXX_LANGUAGE_STANDARD = "gnu++0x";
				CLANG_CXX_LIBRARY = "libc++";
				CLANG_ENABLE_MODULES = YES;
				CLANG_ENABLE_OBJC_ARC = YES;
				CLANG_WARN_BOOL_CONVERSION = YES;
				CLANG_WARN_CONSTANT_CONVERSION = YES;
				CLANG_WARN_DIRECT_OBJC_ISA_USAGE = YES_ERROR;
				CLANG_WARN_DOCUMENTATION_COMMENTS = YES;
				CLANG_WARN_EMPTY_BODY = YES;
				CLANG_WARN_ENUM_CONVERSION = YES;
				CLANG_WARN_INFINITE_RECURSION = YES;
				CLANG_WARN_INT_CONVERSION = YES;
				CLANG_WARN_OBJC_ROOT_CLASS = YES_ERROR;
				CLANG_WARN_SUSPICIOUS_MOVE = YES;
				CLANG_WARN_UNREACHABLE_CODE = YES;
				CLANG_WARN__DUPLICATE_METHOD_MATCH = YES;
				"CODE_SIGN_IDENTITY[sdk=iphoneos*]" = "iPhone Developer";
				COPY_PHASE_STRIP = NO;
				DEBUG_INFORMATION_FORMAT = dwarf;
				ENABLE_STRICT_OBJC_MSGSEND = YES;
				ENABLE_TESTABILITY = YES;
				GCC_C_LANGUAGE_STANDARD = gnu99;
				GCC_DYNAMIC_NO_PIC = NO;
				GCC_NO_COMMON_BLOCKS = YES;
				GCC_OPTIMIZATION_LEVEL = 0;
				GCC_PREPROCESSOR_DEFINITIONS = (
					"DEBUG=1",
					"$(inherited)",
				);
				GCC_WARN_64_TO_32_BIT_CONVERSION = YES;
				GCC_WARN_ABOUT_RETURN_TYPE = YES_ERROR;
				GCC_WARN_UNDECLARED_SELECTOR = YES;
				GCC_WARN_UNINITIALIZED_AUTOS = YES_AGGRESSIVE;
				GCC_WARN_UNUSED_FUNCTION = YES;
				GCC_WARN_UNUSED_VARIABLE = YES;
				IPHONEOS_DEPLOYMENT_TARGET = 10.3;
				MTL_ENABLE_DEBUG_INFO = YES;
				ONLY_ACTIVE_ARCH = YES;
				SDKROOT = iphoneos;
				TARGETED_DEVICE_FAMILY = "1,2";
			};
			name = Debug;
		};
		9FC4400D1F3807F50005049E /* Release */ = {
			isa = XCBuildConfiguration;
			buildSettings = {
				ALWAYS_SEARCH_USER_PATHS = NO;
				CLANG_ANALYZER_NONNULL = YES;
				CLANG_ANALYZER_NUMBER_OBJECT_CONVERSION = YES_AGGRESSIVE;
				CLANG_CXX_LANGUAGE_STANDARD = "gnu++0x";
				CLANG_CXX_LIBRARY = "libc++";
				CLANG_ENABLE_MODULES = YES;
				CLANG_ENABLE_OBJC_ARC = YES;
				CLANG_WARN_BOOL_CONVERSION = YES;
				CLANG_WARN_CONSTANT_CONVERSION = YES;
				CLANG_WARN_DIRECT_OBJC_ISA_USAGE = YES_ERROR;
				CLANG_WARN_DOCUMENTATION_COMMENTS = YES;
				CLANG_WARN_EMPTY_BODY = YES;
				CLANG_WARN_ENUM_CONVERSION = YES;
				CLANG_WARN_INFINITE_RECURSION = YES;
				CLANG_WARN_INT_CONVERSION = YES;
				CLANG_WARN_OBJC_ROOT_CLASS = YES_ERROR;
				CLANG_WARN_SUSPICIOUS_MOVE = YES;
				CLANG_WARN_UNREACHABLE_CODE = YES;
				CLANG_WARN__DUPLICATE_METHOD_MATCH = YES;
				"CODE_SIGN_IDENTITY[sdk=iphoneos*]" = "iPhone Developer";
				COPY_PHASE_STRIP = NO;
				DEBUG_INFORMATION_FORMAT = "dwarf-with-dsym";
				ENABLE_NS_ASSERTIONS = NO;
				ENABLE_STRICT_OBJC_MSGSEND = YES;
				GCC_C_LANGUAGE_STANDARD = gnu99;
				GCC_NO_COMMON_BLOCKS = YES;
				GCC_WARN_64_TO_32_BIT_CONVERSION = YES;
				GCC_WARN_ABOUT_RETURN_TYPE = YES_ERROR;
				GCC_WARN_UNDECLARED_SELECTOR = YES;
				GCC_WARN_UNINITIALIZED_AUTOS = YES_AGGRESSIVE;
				GCC_WARN_UNUSED_FUNCTION = YES;
				GCC_WARN_UNUSED_VARIABLE = YES;
				IPHONEOS_DEPLOYMENT_TARGET = 10.3;
				MTL_ENABLE_DEBUG_INFO = NO;
				SDKROOT = iphoneos;
				TARGETED_DEVICE_FAMILY = "1,2";
				VALIDATE_PRODUCT = YES;
			};
			name = Release;
		};
		9FC4400F1F3807F50005049E /* Debug */ = {
			isa = XCBuildConfiguration;
			buildSettings = {
				ASSETCATALOG_COMPILER_APPICON_NAME = AppIcon;
				DEVELOPMENT_TEAM = JDVB837QR7;
				INFOPLIST_FILE = CAEmitterLayerRain/Info.plist;
				LD_RUNPATH_SEARCH_PATHS = "$(inherited) @executable_path/Frameworks";
				PRODUCT_BUNDLE_IDENTIFIER = com.zzr.CAEmitterLayerRain;
				PRODUCT_NAME = "$(TARGET_NAME)";
			};
			name = Debug;
		};
		9FC440101F3807F50005049E /* Release */ = {
			isa = XCBuildConfiguration;
			buildSettings = {
				ASSETCATALOG_COMPILER_APPICON_NAME = AppIcon;
				DEVELOPMENT_TEAM = JDVB837QR7;
				INFOPLIST_FILE = CAEmitterLayerRain/Info.plist;
				LD_RUNPATH_SEARCH_PATHS = "$(inherited) @executable_path/Frameworks";
				PRODUCT_BUNDLE_IDENTIFIER = com.zzr.CAEmitterLayerRain;
				PRODUCT_NAME = "$(TARGET_NAME)";
			};
			name = Release;
		};
		9FC440121F3807F50005049E /* Debug */ = {
			isa = XCBuildConfiguration;
			buildSettings = {
				BUNDLE_LOADER = "$(TEST_HOST)";
				DEVELOPMENT_TEAM = JDVB837QR7;
				INFOPLIST_FILE = CAEmitterLayerRainTests/Info.plist;
				LD_RUNPATH_SEARCH_PATHS = "$(inherited) @executable_path/Frameworks @loader_path/Frameworks";
				PRODUCT_BUNDLE_IDENTIFIER = com.zzr.CAEmitterLayerRainTests;
				PRODUCT_NAME = "$(TARGET_NAME)";
				TEST_HOST = "$(BUILT_PRODUCTS_DIR)/CAEmitterLayerRain.app/CAEmitterLayerRain";
			};
			name = Debug;
		};
		9FC440131F3807F50005049E /* Release */ = {
			isa = XCBuildConfiguration;
			buildSettings = {
				BUNDLE_LOADER = "$(TEST_HOST)";
				DEVELOPMENT_TEAM = JDVB837QR7;
				INFOPLIST_FILE = CAEmitterLayerRainTests/Info.plist;
				LD_RUNPATH_SEARCH_PATHS = "$(inherited) @executable_path/Frameworks @loader_path/Frameworks";
				PRODUCT_BUNDLE_IDENTIFIER = com.zzr.CAEmitterLayerRainTests;
				PRODUCT_NAME = "$(TARGET_NAME)";
				TEST_HOST = "$(BUILT_PRODUCTS_DIR)/CAEmitterLayerRain.app/CAEmitterLayerRain";
			};
			name = Release;
		};
		9FC440151F3807F50005049E /* Debug */ = {
			isa = XCBuildConfiguration;
			buildSettings = {
				DEVELOPMENT_TEAM = JDVB837QR7;
				INFOPLIST_FILE = CAEmitterLayerRainUITests/Info.plist;
				LD_RUNPATH_SEARCH_PATHS = "$(inherited) @executable_path/Frameworks @loader_path/Frameworks";
				PRODUCT_BUNDLE_IDENTIFIER = com.zzr.CAEmitterLayerRainUITests;
				PRODUCT_NAME = "$(TARGET_NAME)";
				TEST_TARGET_NAME = CAEmitterLayerRain;
			};
			name = Debug;
		};
		9FC440161F3807F50005049E /* Release */ = {
			isa = XCBuildConfiguration;
			buildSettings = {
				DEVELOPMENT_TEAM = JDVB837QR7;
				INFOPLIST_FILE = CAEmitterLayerRainUITests/Info.plist;
				LD_RUNPATH_SEARCH_PATHS = "$(inherited) @executable_path/Frameworks @loader_path/Frameworks";
				PRODUCT_BUNDLE_IDENTIFIER = com.zzr.CAEmitterLayerRainUITests;
				PRODUCT_NAME = "$(TARGET_NAME)";
				TEST_TARGET_NAME = CAEmitterLayerRain;
			};
			name = Release;
		};
/* End XCBuildConfiguration section */

/* Begin XCConfigurationList section */
		9FC43FDC1F3807F50005049E /* Build configuration list for PBXProject "CAEmitterLayerRain" */ = {
			isa = XCConfigurationList;
			buildConfigurations = (
				9FC4400C1F3807F50005049E /* Debug */,
				9FC4400D1F3807F50005049E /* Release */,
			);
			defaultConfigurationIsVisible = 0;
			defaultConfigurationName = Release;
		};
		9FC4400E1F3807F50005049E /* Build configuration list for PBXNativeTarget "CAEmitterLayerRain" */ = {
			isa = XCConfigurationList;
			buildConfigurations = (
				9FC4400F1F3807F50005049E /* Debug */,
				9FC440101F3807F50005049E /* Release */,
			);
			defaultConfigurationIsVisible = 0;
			defaultConfigurationName = Release;
		};
		9FC440111F3807F50005049E /* Build configuration list for PBXNativeTarget "CAEmitterLayerRainTests" */ = {
			isa = XCConfigurationList;
			buildConfigurations = (
				9FC440121F3807F50005049E /* Debug */,
				9FC440131F3807F50005049E /* Release */,
			);
			defaultConfigurationIsVisible = 0;
			defaultConfigurationName = Release;
		};
		9FC440141F3807F50005049E /* Build configuration list for PBXNativeTarget "CAEmitterLayerRainUITests" */ = {
			isa = XCConfigurationList;
			buildConfigurations = (
				9FC440151F3807F50005049E /* Debug */,
				9FC440161F3807F50005049E /* Release */,
			);
			defaultConfigurationIsVisible = 0;
			defaultConfigurationName = Release;
		};
/* End XCConfigurationList section */
	};
	rootObject = 9FC43FD91F3807F40005049E /* Project object */;
}
